
Microsoft Visual Studio Solution File, Format Version 12.00
# Visual Studio Version 16
VisualStudioVersion = 16.0.30907.101
MinimumVisualStudioVersion = 10.0.40219.1
Project("{FAE04EC0-301F-11D3-BF4B-00C04F79EFBC}") = "AzurePipelines", "AzurePipelines\AzurePipelines.csproj", "{22F4B19E-BE68-4B07-BA8B-8B331CBB99E8}"
EndProject
Global
	GlobalSection(SolutionConfigurationPlatforms) = preSolution
		Debug|Any CPU = Debug|Any CPU
		Release|Any CPU = Release|Any CPU
	EndGlobalSection
	GlobalSection(ProjectConfigurationPlatforms) = postSolution
		{22F4B19E-BE68-4B07-BA8B-8B331CBB99E8}.Debug|Any CPU.ActiveCfg = Debug|Any CPU
		{22F4B19E-BE68-4B07-BA8B-8B331CBB99E8}.Debug|Any CPU.Build.0 = Debug|Any CPU
		{22F4B19E-BE68-4B07-BA8B-8B331CBB99E8}.Release|Any CPU.ActiveCfg = Release|Any CPU
		{22F4B19E-BE68-4B07-BA8B-8B331CBB99E8}.Release|Any CPU.Build.0 = Release|Any CPU
	EndGlobalSection
	GlobalSection(SolutionProperties) = preSolution
		HideSolutionNode = FALSE
	EndGlobalSection
	GlobalSection(ExtensibilityGlobals) = postSolution
		SolutionGuid = {8F8344A4-FF7D-4A95-94F4-FD41AFE88790}
	EndGlobalSection
EndGlobal
